
Microsoft Visual Studio Solution File, Format Version 12.00
# Visual Studio Version 17
VisualStudioVersion = 17.14.36221.1 d17.14
MinimumVisualStudioVersion = 10.0.40219.1
Project("{FAE04EC0-301F-11D3-BF4B-00C04F79EFBC}") = "CapaDatos", "CapaDatos\CapaDatos.csproj", "{9AD755D1-CADD-49DB-A449-E0F58038A4E9}"
EndProject
Project("{FAE04EC0-301F-11D3-BF4B-00C04F79EFBC}") = "CapaNegocios", "CapaNegocios\CapaNegocios.csproj", "{D8A4B789-6974-44FD-B1AF-F21469382395}"
EndProject
Project("{FAE04EC0-301F-11D3-BF4B-00C04F79EFBC}") = "CapaPresentacion", "CapaPresentacion\CapaPresentacion.csproj", "{2D27AB63-AF39-4B09-A9B8-099B74E78A03}"
EndProject
Global
	GlobalSection(SolutionConfigurationPlatforms) = preSolution
		Debug|Any CPU = Debug|Any CPU
		Release|Any CPU = Release|Any CPU
	EndGlobalSection
	GlobalSection(ProjectConfigurationPlatforms) = postSolution
		{9AD755D1-CADD-49DB-A449-E0F58038A4E9}.Debug|Any CPU.ActiveCfg = Debug|Any CPU
		{9AD755D1-CADD-49DB-A449-E0F58038A4E9}.Debug|Any CPU.Build.0 = Debug|Any CPU
		{9AD755D1-CADD-49DB-A449-E0F58038A4E9}.Release|Any CPU.ActiveCfg = Release|Any CPU
		{9AD755D1-CADD-49DB-A449-E0F58038A4E9}.Release|Any CPU.Build.0 = Release|Any CPU
		{D8A4B789-6974-44FD-B1AF-F21469382395}.Debug|Any CPU.ActiveCfg = Debug|Any CPU
		{D8A4B789-6974-44FD-B1AF-F21469382395}.Debug|Any CPU.Build.0 = Debug|Any CPU
		{D8A4B789-6974-44FD-B1AF-F21469382395}.Release|Any CPU.ActiveCfg = Release|Any CPU
		{D8A4B789-6974-44FD-B1AF-F21469382395}.Release|Any CPU.Build.0 = Release|Any CPU
		{2D27AB63-AF39-4B09-A9B8-099B74E78A03}.Debug|Any CPU.ActiveCfg = Debug|Any CPU
		{2D27AB63-AF39-4B09-A9B8-099B74E78A03}.Debug|Any CPU.Build.0 = Debug|Any CPU
		{2D27AB63-AF39-4B09-A9B8-099B74E78A03}.Release|Any CPU.ActiveCfg = Release|Any CPU
		{2D27AB63-AF39-4B09-A9B8-099B74E78A03}.Release|Any CPU.Build.0 = Release|Any CPU
	EndGlobalSection
	GlobalSection(SolutionProperties) = preSolution
		HideSolutionNode = FALSE
	EndGlobalSection
	GlobalSection(ExtensibilityGlobals) = postSolution
		SolutionGuid = {C54286A9-1BAF-45B8-8374-E2E814F63FED}
	EndGlobalSection
EndGlobal
